
Microsoft Visual Studio Solution File, Format Version 12.00
# Visual Studio Version 17
VisualStudioVersion = 17.13.35828.75
MinimumVisualStudioVersion = 10.0.40219.1
Project("{FAE04EC0-301F-11D3-BF4B-00C04F79EFBC}") = "SerialJsonFilesSender", "SerialJsonFilesSender.csproj", "{A6577633-657D-4148-A8B7-4188BEF4716E}"
EndProject
Project("{54435603-DBB4-11D2-8724-00A0C9A8B90C}") = "SetupSerialJsonFileSender", "..\SetupSerialJsonFileSender\SetupSerialJsonFileSender.vdproj", "{D120BA54-7829-2C01-C8A9-FBA1BA7140AD}"
EndProject
Global
	GlobalSection(SolutionConfigurationPlatforms) = preSolution
		Debug|Any CPU = Debug|Any CPU
		Release|Any CPU = Release|Any CPU
	EndGlobalSection
	GlobalSection(ProjectConfigurationPlatforms) = postSolution
		{A6577633-657D-4148-A8B7-4188BEF4716E}.Debug|Any CPU.ActiveCfg = Debug|Any CPU
		{A6577633-657D-4148-A8B7-4188BEF4716E}.Debug|Any CPU.Build.0 = Debug|Any CPU
		{A6577633-657D-4148-A8B7-4188BEF4716E}.Release|Any CPU.ActiveCfg = Release|Any CPU
		{A6577633-657D-4148-A8B7-4188BEF4716E}.Release|Any CPU.Build.0 = Release|Any CPU
		{D120BA54-7829-2C01-C8A9-FBA1BA7140AD}.Debug|Any CPU.ActiveCfg = Debug
		{D120BA54-7829-2C01-C8A9-FBA1BA7140AD}.Release|Any CPU.ActiveCfg = Release
	EndGlobalSection
	GlobalSection(SolutionProperties) = preSolution
		HideSolutionNode = FALSE
	EndGlobalSection
	GlobalSection(ExtensibilityGlobals) = postSolution
		SolutionGuid = {008DC843-5E1E-4324-81CD-D9C442358D82}
	EndGlobalSection
EndGlobal
